
Microsoft Visual Studio Solution File, Format Version 12.00
# Visual Studio Version 17
VisualStudioVersion = 17.5.002.0
MinimumVisualStudioVersion = 10.0.40219.1
Project("{9A19103F-16F7-4668-BE54-9A1E7A4F7556}") = "Sem1_algoritm_test", "Sem1_algoritm_test\Sem1_algoritm_test.csproj", "{9AAE5E56-7613-455A-8884-7143E74196C6}"
EndProject
Project("{9A19103F-16F7-4668-BE54-9A1E7A4F7556}") = "Sem2_BigONation", "Sem2_BigONation\Sem2_BigONation.csproj", "{834A7951-DC3B-496E-B751-1C619F122D7A}"
EndProject
Global
	GlobalSection(SolutionConfigurationPlatforms) = preSolution
		Debug|Any CPU = Debug|Any CPU
		Release|Any CPU = Release|Any CPU
	EndGlobalSection
	GlobalSection(ProjectConfigurationPlatforms) = postSolution
		{9AAE5E56-7613-455A-8884-7143E74196C6}.Debug|Any CPU.ActiveCfg = Debug|Any CPU
		{9AAE5E56-7613-455A-8884-7143E74196C6}.Debug|Any CPU.Build.0 = Debug|Any CPU
		{9AAE5E56-7613-455A-8884-7143E74196C6}.Release|Any CPU.ActiveCfg = Release|Any CPU
		{9AAE5E56-7613-455A-8884-7143E74196C6}.Release|Any CPU.Build.0 = Release|Any CPU
		{834A7951-DC3B-496E-B751-1C619F122D7A}.Debug|Any CPU.ActiveCfg = Debug|Any CPU
		{834A7951-DC3B-496E-B751-1C619F122D7A}.Debug|Any CPU.Build.0 = Debug|Any CPU
		{834A7951-DC3B-496E-B751-1C619F122D7A}.Release|Any CPU.ActiveCfg = Release|Any CPU
		{834A7951-DC3B-496E-B751-1C619F122D7A}.Release|Any CPU.Build.0 = Release|Any CPU
	EndGlobalSection
	GlobalSection(SolutionProperties) = preSolution
		HideSolutionNode = FALSE
	EndGlobalSection
	GlobalSection(ExtensibilityGlobals) = postSolution
		SolutionGuid = {4DBA1327-3DB0-4BA6-904C-042D46B07B2B}
	EndGlobalSection
EndGlobal
